
Microsoft Visual Studio Solution File, Format Version 12.00
# Visual Studio Version 17
VisualStudioVersion = 17.2.32616.157
MinimumVisualStudioVersion = 10.0.40219.1
Project("{9A19103F-16F7-4668-BE54-9A1E7A4F7556}") = "ClientWasm", "ClientWasm\ClientWasm.csproj", "{9F22E1A2-2D0B-400B-9380-E5D914AD938C}"
EndProject
Project("{9A19103F-16F7-4668-BE54-9A1E7A4F7556}") = "ServerApi", "ServerApi\ServerApi.csproj", "{06ACDB97-AC86-4F2D-8FBE-3B787E9DE37A}"
EndProject
Project("{FAE04EC0-301F-11D3-BF4B-00C04F79EFBC}") = "SharedLibrary", "SharedLibrary\SharedLibrary.csproj", "{64584DAD-DC19-4E44-B2BB-AC43684C6B4B}"
EndProject
Global
	GlobalSection(SolutionConfigurationPlatforms) = preSolution
		Debug|Any CPU = Debug|Any CPU
		Release|Any CPU = Release|Any CPU
	EndGlobalSection
	GlobalSection(ProjectConfigurationPlatforms) = postSolution
		{9F22E1A2-2D0B-400B-9380-E5D914AD938C}.Debug|Any CPU.ActiveCfg = Debug|Any CPU
		{9F22E1A2-2D0B-400B-9380-E5D914AD938C}.Debug|Any CPU.Build.0 = Debug|Any CPU
		{9F22E1A2-2D0B-400B-9380-E5D914AD938C}.Release|Any CPU.ActiveCfg = Release|Any CPU
		{9F22E1A2-2D0B-400B-9380-E5D914AD938C}.Release|Any CPU.Build.0 = Release|Any CPU
		{06ACDB97-AC86-4F2D-8FBE-3B787E9DE37A}.Debug|Any CPU.ActiveCfg = Debug|Any CPU
		{06ACDB97-AC86-4F2D-8FBE-3B787E9DE37A}.Debug|Any CPU.Build.0 = Debug|Any CPU
		{06ACDB97-AC86-4F2D-8FBE-3B787E9DE37A}.Release|Any CPU.ActiveCfg = Release|Any CPU
		{06ACDB97-AC86-4F2D-8FBE-3B787E9DE37A}.Release|Any CPU.Build.0 = Release|Any CPU
		{64584DAD-DC19-4E44-B2BB-AC43684C6B4B}.Debug|Any CPU.ActiveCfg = Debug|Any CPU
		{64584DAD-DC19-4E44-B2BB-AC43684C6B4B}.Debug|Any CPU.Build.0 = Debug|Any CPU
		{64584DAD-DC19-4E44-B2BB-AC43684C6B4B}.Release|Any CPU.ActiveCfg = Release|Any CPU
		{64584DAD-DC19-4E44-B2BB-AC43684C6B4B}.Release|Any CPU.Build.0 = Release|Any CPU
	EndGlobalSection
	GlobalSection(SolutionProperties) = preSolution
		HideSolutionNode = FALSE
	EndGlobalSection
	GlobalSection(ExtensibilityGlobals) = postSolution
		SolutionGuid = {F757F5E5-7E9E-4F1A-BE6D-3A8ED218AD6D}
	EndGlobalSection
EndGlobal
